// !$*UTF8*$!
{
	archiveVersion = 1;
	classes = {
	};
	objectVersion = 46;
	objects = {

/* Begin PBXBuildFile section */
		117E916B14DA870D002D6769 /* Foundation.framework in Frameworks */ = {isa = PBXBuildFile; fileRef = 117E916A14DA870D002D6769 /* Foundation.framework */; };
		117E917114DA870D002D6769 /* BBCodeParser.m in Sources */ = {isa = PBXBuildFile; fileRef = 117E917014DA870D002D6769 /* BBCodeParser.m */; };
		117E917914DA870D002D6769 /* SenTestingKit.framework in Frameworks */ = {isa = PBXBuildFile; fileRef = 117E917814DA870D002D6769 /* SenTestingKit.framework */; };
		117E917B14DA870D002D6769 /* UIKit.framework in Frameworks */ = {isa = PBXBuildFile; fileRef = 117E917A14DA870D002D6769 /* UIKit.framework */; };
		117E917C14DA870D002D6769 /* Foundation.framework in Frameworks */ = {isa = PBXBuildFile; fileRef = 117E916A14DA870D002D6769 /* Foundation.framework */; };
		117E917F14DA870D002D6769 /* libBBCodeParser.a in Frameworks */ = {isa = PBXBuildFile; fileRef = 117E916714DA870D002D6769 /* libBBCodeParser.a */; };
		117E918514DA870D002D6769 /* InfoPlist.strings in Resources */ = {isa = PBXBuildFile; fileRef = 117E918314DA870D002D6769 /* InfoPlist.strings */; };
		117E918814DA870D002D6769 /* BBCodeParserTests.m in Sources */ = {isa = PBXBuildFile; fileRef = 117E918714DA870D002D6769 /* BBCodeParserTests.m */; };
		117E919314DA872E002D6769 /* BBElement.h in Headers */ = {isa = PBXBuildFile; fileRef = 117E919114DA872E002D6769 /* BBElement.h */; };
		117E919414DA872E002D6769 /* BBElement.m in Sources */ = {isa = PBXBuildFile; fileRef = 117E919214DA872E002D6769 /* BBElement.m */; };
		117E919714DA87A0002D6769 /* BBAttribute.h in Headers */ = {isa = PBXBuildFile; fileRef = 117E919514DA879F002D6769 /* BBAttribute.h */; };
		117E919814DA87A0002D6769 /* BBAttribute.m in Sources */ = {isa = PBXBuildFile; fileRef = 117E919614DA87A0002D6769 /* BBAttribute.m */; };
		117E919B14DA87B7002D6769 /* BBCodeParser-Prefix.pch in Headers */ = {isa = PBXBuildFile; fileRef = 117E919A14DA87B7002D6769 /* BBCodeParser-Prefix.pch */; };
		11E4CAD214DADB4C00B5BCD2 /* BBParsingElement.h in Headers */ = {isa = PBXBuildFile; fileRef = 11E4CAD014DADB4C00B5BCD2 /* BBParsingElement.h */; };
		11E4CAD314DADB4C00B5BCD2 /* BBParsingElement.m in Sources */ = {isa = PBXBuildFile; fileRef = 11E4CAD114DADB4C00B5BCD2 /* BBParsingElement.m */; };
/* End PBXBuildFile section */

/* Begin PBXContainerItemProxy section */
		117E917D14DA870D002D6769 /* PBXContainerItemProxy */ = {
			isa = PBXContainerItemProxy;
			containerPortal = 117E915E14DA870D002D6769 /* Project object */;
			proxyType = 1;
			remoteGlobalIDString = 117E916614DA870D002D6769;
			remoteInfo = BBCodeParser;
		};
/* End PBXContainerItemProxy section */

/* Begin PBXFileReference section */
		117E916714DA870D002D6769 /* libBBCodeParser.a */ = {isa = PBXFileReference; explicitFileType = archive.ar; includeInIndex = 0; path = libBBCodeParser.a; sourceTree = BUILT_PRODUCTS_DIR; };
		117E916A14DA870D002D6769 /* Foundation.framework */ = {isa = PBXFileReference; lastKnownFileType = wrapper.framework; name = Foundation.framework; path = System/Library/Frameworks/Foundation.framework; sourceTree = SDKROOT; };
		117E916F14DA870D002D6769 /* BBCodeParser.h */ = {isa = PBXFileReference; lastKnownFileType = sourcecode.c.h; path = BBCodeParser.h; sourceTree = "<group>"; };
		117E917014DA870D002D6769 /* BBCodeParser.m */ = {isa = PBXFileReference; lastKnownFileType = sourcecode.c.objc; path = BBCodeParser.m; sourceTree = "<group>"; };
		117E917714DA870D002D6769 /* BBCodeParserTests.octest */ = {isa = PBXFileReference; explicitFileType = wrapper.cfbundle; includeInIndex = 0; path = BBCodeParserTests.octest; sourceTree = BUILT_PRODUCTS_DIR; };
		117E917814DA870D002D6769 /* SenTestingKit.framework */ = {isa = PBXFileReference; lastKnownFileType = wrapper.framework; name = SenTestingKit.framework; path = Library/Frameworks/SenTestingKit.framework; sourceTree = DEVELOPER_DIR; };
		117E917A14DA870D002D6769 /* UIKit.framework */ = {isa = PBXFileReference; lastKnownFileType = wrapper.framework; name = UIKit.framework; path = Library/Frameworks/UIKit.framework; sourceTree = DEVELOPER_DIR; };
		117E918214DA870D002D6769 /* BBCodeParserTests-Info.plist */ = {isa = PBXFileReference; lastKnownFileType = text.plist.xml; path = "BBCodeParserTests-Info.plist"; sourceTree = "<group>"; };
		117E918414DA870D002D6769 /* en */ = {isa = PBXFileReference; lastKnownFileType = text.plist.strings; name = en; path = en.lproj/InfoPlist.strings; sourceTree = "<group>"; };
		117E918614DA870D002D6769 /* BBCodeParserTests.h */ = {isa = PBXFileReference; lastKnownFileType = sourcecode.c.h; path = BBCodeParserTests.h; sourceTree = "<group>"; };
		117E918714DA870D002D6769 /* BBCodeParserTests.m */ = {isa = PBXFileReference; lastKnownFileType = sourcecode.c.objc; path = BBCodeParserTests.m; sourceTree = "<group>"; };
		117E919114DA872E002D6769 /* BBElement.h */ = {isa = PBXFileReference; fileEncoding = 4; lastKnownFileType = sourcecode.c.h; path = BBElement.h; sourceTree = "<group>"; };
		117E919214DA872E002D6769 /* BBElement.m */ = {isa = PBXFileReference; fileEncoding = 4; lastKnownFileType = sourcecode.c.objc; path = BBElement.m; sourceTree = "<group>"; };
		117E919514DA879F002D6769 /* BBAttribute.h */ = {isa = PBXFileReference; fileEncoding = 4; lastKnownFileType = sourcecode.c.h; path = BBAttribute.h; sourceTree = "<group>"; };
		117E919614DA87A0002D6769 /* BBAttribute.m */ = {isa = PBXFileReference; fileEncoding = 4; lastKnownFileType = sourcecode.c.objc; path = BBAttribute.m; sourceTree = "<group>"; };
		117E919A14DA87B7002D6769 /* BBCodeParser-Prefix.pch */ = {isa = PBXFileReference; fileEncoding = 4; lastKnownFileType = sourcecode.c.h; path = "BBCodeParser-Prefix.pch"; sourceTree = "<group>"; };
		11E4CAD014DADB4C00B5BCD2 /* BBParsingElement.h */ = {isa = PBXFileReference; fileEncoding = 4; lastKnownFileType = sourcecode.c.h; path = BBParsingElement.h; sourceTree = "<group>"; };
		11E4CAD114DADB4C00B5BCD2 /* BBParsingElement.m */ = {isa = PBXFileReference; fileEncoding = 4; lastKnownFileType = sourcecode.c.objc; path = BBParsingElement.m; sourceTree = "<group>"; };
/* End PBXFileReference section */

/* Begin PBXFrameworksBuildPhase section */
		117E916414DA870D002D6769 /* Frameworks */ = {
			isa = PBXFrameworksBuildPhase;
			buildActionMask = 2147483647;
			files = (
				117E916B14DA870D002D6769 /* Foundation.framework in Frameworks */,
			);
			runOnlyForDeploymentPostprocessing = 0;
		};
		117E917314DA870D002D6769 /* Frameworks */ = {
			isa = PBXFrameworksBuildPhase;
			buildActionMask = 2147483647;
			files = (
				117E917914DA870D002D6769 /* SenTestingKit.framework in Frameworks */,
				117E917B14DA870D002D6769 /* UIKit.framework in Frameworks */,
				117E917C14DA870D002D6769 /* Foundation.framework in Frameworks */,
				117E917F14DA870D002D6769 /* libBBCodeParser.a in Frameworks */,
			);
			runOnlyForDeploymentPostprocessing = 0;
		};
/* End PBXFrameworksBuildPhase section */

/* Begin PBXGroup section */
		117E915C14DA870D002D6769 = {
			isa = PBXGroup;
			children = (
				117E916C14DA870D002D6769 /* BBCodeParser */,
				117E918014DA870D002D6769 /* BBCodeParserTests */,
				117E916914DA870D002D6769 /* Frameworks */,
				117E916814DA870D002D6769 /* Products */,
			);
			sourceTree = "<group>";
		};
		117E916814DA870D002D6769 /* Products */ = {
			isa = PBXGroup;
			children = (
				117E916714DA870D002D6769 /* libBBCodeParser.a */,
				117E917714DA870D002D6769 /* BBCodeParserTests.octest */,
			);
			name = Products;
			sourceTree = "<group>";
		};
		117E916914DA870D002D6769 /* Frameworks */ = {
			isa = PBXGroup;
			children = (
				117E916A14DA870D002D6769 /* Foundation.framework */,
				117E917814DA870D002D6769 /* SenTestingKit.framework */,
				117E917A14DA870D002D6769 /* UIKit.framework */,
			);
			name = Frameworks;
			sourceTree = "<group>";
		};
		117E916C14DA870D002D6769 /* BBCodeParser */ = {
			isa = PBXGroup;
			children = (
				117E919514DA879F002D6769 /* BBAttribute.h */,
				117E919614DA87A0002D6769 /* BBAttribute.m */,
				117E919114DA872E002D6769 /* BBElement.h */,
				117E919214DA872E002D6769 /* BBElement.m */,
				11E4CAD014DADB4C00B5BCD2 /* BBParsingElement.h */,
				11E4CAD114DADB4C00B5BCD2 /* BBParsingElement.m */,
				117E916F14DA870D002D6769 /* BBCodeParser.h */,
				117E917014DA870D002D6769 /* BBCodeParser.m */,
				117E919914DA87B7002D6769 /* Supporting Files */,
			);
			path = BBCodeParser;
			sourceTree = "<group>";
		};
		117E918014DA870D002D6769 /* BBCodeParserTests */ = {
			isa = PBXGroup;
			children = (
				117E918614DA870D002D6769 /* BBCodeParserTests.h */,
				117E918714DA870D002D6769 /* BBCodeParserTests.m */,
				117E918114DA870D002D6769 /* Supporting Files */,
			);
			path = BBCodeParserTests;
			sourceTree = "<group>";
		};
		117E918114DA870D002D6769 /* Supporting Files */ = {
			isa = PBXGroup;
			children = (
				117E918214DA870D002D6769 /* BBCodeParserTests-Info.plist */,
				117E918314DA870D002D6769 /* InfoPlist.strings */,
			);
			name = "Supporting Files";
			sourceTree = "<group>";
		};
		117E919914DA87B7002D6769 /* Supporting Files */ = {
			isa = PBXGroup;
			children = (
				117E919A14DA87B7002D6769 /* BBCodeParser-Prefix.pch */,
			);
			path = "Supporting Files";
			sourceTree = "<group>";
		};
/* End PBXGroup section */

/* Begin PBXHeadersBuildPhase section */
		117E916514DA870D002D6769 /* Headers */ = {
			isa = PBXHeadersBuildPhase;
			buildActionMask = 2147483647;
			files = (
				117E919314DA872E002D6769 /* BBElement.h in Headers */,
				117E919714DA87A0002D6769 /* BBAttribute.h in Headers */,
				117E919B14DA87B7002D6769 /* BBCodeParser-Prefix.pch in Headers */,
				11E4CAD214DADB4C00B5BCD2 /* BBParsingElement.h in Headers */,
			);
			runOnlyForDeploymentPostprocessing = 0;
		};
/* End PBXHeadersBuildPhase section */

/* Begin PBXNativeTarget section */
		117E916614DA870D002D6769 /* BBCodeParser */ = {
			isa = PBXNativeTarget;
			buildConfigurationList = 117E918B14DA870D002D6769 /* Build configuration list for PBXNativeTarget "BBCodeParser" */;
			buildPhases = (
				117E916314DA870D002D6769 /* Sources */,
				117E916414DA870D002D6769 /* Frameworks */,
				117E916514DA870D002D6769 /* Headers */,
			);
			buildRules = (
			);
			dependencies = (
			);
			name = BBCodeParser;
			productName = BBCodeParser;
			productReference = 117E916714DA870D002D6769 /* libBBCodeParser.a */;
			productType = "com.apple.product-type.library.static";
		};
		117E917614DA870D002D6769 /* BBCodeParserTests */ = {
			isa = PBXNativeTarget;
			buildConfigurationList = 117E918E14DA870D002D6769 /* Build configuration list for PBXNativeTarget "BBCodeParserTests" */;
			buildPhases = (
				117E917214DA870D002D6769 /* Sources */,
				117E917314DA870D002D6769 /* Frameworks */,
				117E917414DA870D002D6769 /* Resources */,
				117E917514DA870D002D6769 /* ShellScript */,
			);
			buildRules = (
			);
			dependencies = (
				117E917E14DA870D002D6769 /* PBXTargetDependency */,
			);
			name = BBCodeParserTests;
			productName = BBCodeParserTests;
			productReference = 117E917714DA870D002D6769 /* BBCodeParserTests.octest */;
			productType = "com.apple.product-type.bundle";
		};
/* End PBXNativeTarget section */

/* Begin PBXProject section */
		117E915E14DA870D002D6769 /* Project object */ = {
			isa = PBXProject;
			attributes = {
				LastUpgradeCheck = 0420;
			};
			buildConfigurationList = 117E916114DA870D002D6769 /* Build configuration list for PBXProject "BBCodeParser" */;
			compatibilityVersion = "Xcode 3.2";
			developmentRegion = English;
			hasScannedForEncodings = 0;
			knownRegions = (
				en,
			);
			mainGroup = 117E915C14DA870D002D6769;
			productRefGroup = 117E916814DA870D002D6769 /* Products */;
			projectDirPath = "";
			projectRoot = "";
			targets = (
				117E916614DA870D002D6769 /* BBCodeParser */,
				117E917614DA870D002D6769 /* BBCodeParserTests */,
			);
		};
/* End PBXProject section */

/* Begin PBXResourcesBuildPhase section */
		117E917414DA870D002D6769 /* Resources */ = {
			isa = PBXResourcesBuildPhase;
			buildActionMask = 2147483647;
			files = (
				117E918514DA870D002D6769 /* InfoPlist.strings in Resources */,
			);
			runOnlyForDeploymentPostprocessing = 0;
		};
/* End PBXResourcesBuildPhase section */

/* Begin PBXShellScriptBuildPhase section */
		117E917514DA870D002D6769 /* ShellScript */ = {
			isa = PBXShellScriptBuildPhase;
			buildActionMask = 2147483647;
			files = (
			);
			inputPaths = (
			);
			outputPaths = (
			);
			runOnlyForDeploymentPostprocessing = 0;
			shellPath = /bin/sh;
			shellScript = "# Run the unit tests in this test bundle.\n\"${SYSTEM_DEVELOPER_DIR}/Tools/RunUnitTests\"\n";
		};
/* End PBXShellScriptBuildPhase section */

/* Begin PBXSourcesBuildPhase section */
		117E916314DA870D002D6769 /* Sources */ = {
			isa = PBXSourcesBuildPhase;
			buildActionMask = 2147483647;
			files = (
				117E917114DA870D002D6769 /* BBCodeParser.m in Sources */,
				117E919414DA872E002D6769 /* BBElement.m in Sources */,
				117E919814DA87A0002D6769 /* BBAttribute.m in Sources */,
				11E4CAD314DADB4C00B5BCD2 /* BBParsingElement.m in Sources */,
			);
			runOnlyForDeploymentPostprocessing = 0;
		};
		117E917214DA870D002D6769 /* Sources */ = {
			isa = PBXSourcesBuildPhase;
			buildActionMask = 2147483647;
			files = (
				117E918814DA870D002D6769 /* BBCodeParserTests.m in Sources */,
			);
			runOnlyForDeploymentPostprocessing = 0;
		};
/* End PBXSourcesBuildPhase section */

/* Begin PBXTargetDependency section */
		117E917E14DA870D002D6769 /* PBXTargetDependency */ = {
			isa = PBXTargetDependency;
			target = 117E916614DA870D002D6769 /* BBCodeParser */;
			targetProxy = 117E917D14DA870D002D6769 /* PBXContainerItemProxy */;
		};
/* End PBXTargetDependency section */

/* Begin PBXVariantGroup section */
		117E918314DA870D002D6769 /* InfoPlist.strings */ = {
			isa = PBXVariantGroup;
			children = (
				117E918414DA870D002D6769 /* en */,
			);
			name = InfoPlist.strings;
			sourceTree = "<group>";
		};
/* End PBXVariantGroup section */

/* Begin XCBuildConfiguration section */
		117E918914DA870D002D6769 /* Debug */ = {
			isa = XCBuildConfiguration;
			buildSettings = {
				ALWAYS_SEARCH_USER_PATHS = NO;
				ARCHS = "$(ARCHS_STANDARD_32_BIT)";
				COPY_PHASE_STRIP = NO;
				GCC_C_LANGUAGE_STANDARD = gnu99;
				GCC_DYNAMIC_NO_PIC = NO;
				GCC_OPTIMIZATION_LEVEL = 0;
				GCC_PREPROCESSOR_DEFINITIONS = (
					"DEBUG=1",
					"$(inherited)",
				);
				GCC_SYMBOLS_PRIVATE_EXTERN = NO;
				GCC_VERSION = com.apple.compilers.llvm.clang.1_0;
				GCC_WARN_ABOUT_MISSING_PROTOTYPES = YES;
				GCC_WARN_ABOUT_RETURN_TYPE = YES;
				GCC_WARN_UNUSED_VARIABLE = YES;
				IPHONEOS_DEPLOYMENT_TARGET = 5.0;
				SDKROOT = iphoneos;
			};
			name = Debug;
		};
		117E918A14DA870D002D6769 /* Release */ = {
			isa = XCBuildConfiguration;
			buildSettings = {
				ALWAYS_SEARCH_USER_PATHS = NO;
				ARCHS = "$(ARCHS_STANDARD_32_BIT)";
				COPY_PHASE_STRIP = YES;
				GCC_C_LANGUAGE_STANDARD = gnu99;
				GCC_VERSION = com.apple.compilers.llvm.clang.1_0;
				GCC_WARN_ABOUT_MISSING_PROTOTYPES = YES;
				GCC_WARN_ABOUT_RETURN_TYPE = YES;
				GCC_WARN_UNUSED_VARIABLE = YES;
				IPHONEOS_DEPLOYMENT_TARGET = 5.0;
				SDKROOT = iphoneos;
				VALIDATE_PRODUCT = YES;
			};
			name = Release;
		};
		117E918C14DA870D002D6769 /* Debug */ = {
			isa = XCBuildConfiguration;
			buildSettings = {
				DSTROOT = /tmp/BBCodeParser.dst;
				GCC_PRECOMPILE_PREFIX_HEADER = YES;
				GCC_PREFIX_HEADER = "BBCodeParser/Supporting Files/BBCodeParser-Prefix.pch";
				OTHER_LDFLAGS = "-ObjC";
				PRODUCT_NAME = "$(TARGET_NAME)";
				SKIP_INSTALL = YES;
			};
			name = Debug;
		};
		117E918D14DA870D002D6769 /* Release */ = {
			isa = XCBuildConfiguration;
			buildSettings = {
				DSTROOT = /tmp/BBCodeParser.dst;
				GCC_PRECOMPILE_PREFIX_HEADER = YES;
				GCC_PREFIX_HEADER = "BBCodeParser/Supporting Files/BBCodeParser-Prefix.pch";
				OTHER_LDFLAGS = "-ObjC";
				PRODUCT_NAME = "$(TARGET_NAME)";
				SKIP_INSTALL = YES;
			};
			name = Release;
		};
		117E918F14DA870D002D6769 /* Debug */ = {
			isa = XCBuildConfiguration;
			buildSettings = {
				FRAMEWORK_SEARCH_PATHS = (
					"$(SDKROOT)/Developer/Library/Frameworks",
					"$(DEVELOPER_LIBRARY_DIR)/Frameworks",
				);
				GCC_PRECOMPILE_PREFIX_HEADER = YES;
				GCC_PREFIX_HEADER = "BBCodeParser/Supporting Files/BBCodeParser-Prefix.pch";
				INFOPLIST_FILE = "BBCodeParserTests/BBCodeParserTests-Info.plist";
				PRODUCT_NAME = "$(TARGET_NAME)";
				WRAPPER_EXTENSION = octest;
			};
			name = Debug;
		};
		117E919014DA870D002D6769 /* Release */ = {
			isa = XCBuildConfiguration;
			buildSettings = {
				FRAMEWORK_SEARCH_PATHS = (
					"$(SDKROOT)/Developer/Library/Frameworks",
					"$(DEVELOPER_LIBRARY_DIR)/Frameworks",
				);
				GCC_PRECOMPILE_PREFIX_HEADER = YES;
				GCC_PREFIX_HEADER = "BBCodeParser/Supporting Files/BBCodeParser-Prefix.pch";
				INFOPLIST_FILE = "BBCodeParserTests/BBCodeParserTests-Info.plist";
				PRODUCT_NAME = "$(TARGET_NAME)";
				WRAPPER_EXTENSION = octest;
			};
			name = Release;
		};
/* End XCBuildConfiguration section */

/* Begin XCConfigurationList section */
		117E916114DA870D002D6769 /* Build configuration list for PBXProject "BBCodeParser" */ = {
			isa = XCConfigurationList;
			buildConfigurations = (
				117E918914DA870D002D6769 /* Debug */,
				117E918A14DA870D002D6769 /* Release */,
			);
			defaultConfigurationIsVisible = 0;
			defaultConfigurationName = Release;
		};
		117E918B14DA870D002D6769 /* Build configuration list for PBXNativeTarget "BBCodeParser" */ = {
			isa = XCConfigurationList;
			buildConfigurations = (
				117E918C14DA870D002D6769 /* Debug */,
				117E918D14DA870D002D6769 /* Release */,
			);
			defaultConfigurationIsVisible = 0;
			defaultConfigurationName = Release;
		};
		117E918E14DA870D002D6769 /* Build configuration list for PBXNativeTarget "BBCodeParserTests" */ = {
			isa = XCConfigurationList;
			buildConfigurations = (
				117E918F14DA870D002D6769 /* Debug */,
				117E919014DA870D002D6769 /* Release */,
			);
			defaultConfigurationIsVisible = 0;
			defaultConfigurationName = Release;
		};
/* End XCConfigurationList section */
	};
	rootObject = 117E915E14DA870D002D6769 /* Project object */;
}
